
Microsoft Visual Studio Solution File, Format Version 12.00
# Visual Studio 15
VisualStudioVersion = 15.0.27703.2047
MinimumVisualStudioVersion = 10.0.40219.1
Project("{9092AA53-FB77-4645-B42D-1CCCA6BD08BD}") = "WaracleDemo", "WaracleDemo\WaracleDemo.njsproj", "{0298BF98-9AF5-4F55-ADD5-FCEA97DFDE3F}"
EndProject
Global
	GlobalSection(SolutionConfigurationPlatforms) = preSolution
		Debug|Any CPU = Debug|Any CPU
		Release|Any CPU = Release|Any CPU
	EndGlobalSection
	GlobalSection(ProjectConfigurationPlatforms) = postSolution
		{0298BF98-9AF5-4F55-ADD5-FCEA97DFDE3F}.Debug|Any CPU.ActiveCfg = Debug|Any CPU
		{0298BF98-9AF5-4F55-ADD5-FCEA97DFDE3F}.Debug|Any CPU.Build.0 = Debug|Any CPU
		{0298BF98-9AF5-4F55-ADD5-FCEA97DFDE3F}.Release|Any CPU.ActiveCfg = Release|Any CPU
		{0298BF98-9AF5-4F55-ADD5-FCEA97DFDE3F}.Release|Any CPU.Build.0 = Release|Any CPU
	EndGlobalSection
	GlobalSection(SolutionProperties) = preSolution
		HideSolutionNode = FALSE
	EndGlobalSection
	GlobalSection(ExtensibilityGlobals) = postSolution
		SolutionGuid = {F5FE34E3-71AF-4776-9670-E850A3B52FB1}
	EndGlobalSection
EndGlobal
